{
  "originHash" : "a39f1593f4eee811fe8fb01596fb0fbcb4d5fdf4d323ff71e2ee4be0eadcb403",
  "pins" : [
    {
      "identity" : "appupdater",
      "kind" : "remoteSourceControl",
      "location" : "https://github.com/mxcl/AppUpdater.git",
      "state" : {
        "revision" : "4ae5b5b385ee15baa513f3f683a328b6ed3875ac",
        "version" : "4.0.0"
      }
    },
    {
      "identity" : "version",
      "kind" : "remoteSourceControl",
      "location" : "https://github.com/mxcl/Version",
      "state" : {
        "revision" : "3043fcd2a50375db76d89ff206a612471833d1c2",
        "version" : "2.2.1"
      }
    }
  ],
  "version" : 3
}
